{
  "name": "@adrianchan94/muscle-memory",
  "version": "1.0.0-rc.3",
  "lockfileVersion": 3,
  "requires": true,
  "packages": {
    "": {
      "name": "@adrianchan94/muscle-memory",
      "version": "1.0.0-rc.3",
      "license": "MIT",
      "engines": {
        "node": ">=20"
      }
    }
  }
}
